Microsoft Visual Studio Solution File, Format Version 11.00
# Visual Studio 2008

Project("{D59262BC-80A8-E5E5-2BBF-F5AF896D407C}") = "3d Terrain", "Assembly-CSharp-firstpass.csproj", "{0A630E67-FC6C-43C8-2023-7D07A7683BFD}"
EndProject
Project("{D59262BC-80A8-E5E5-2BBF-F5AF896D407C}") = "3d Terrain", "Assembly-CSharp.csproj", "{91F0E5CC-596C-6825-962A-1C78AC312B93}"
EndProject
Project("{D59262BC-80A8-E5E5-2BBF-F5AF896D407C}") = "3d Terrain", "Assembly-UnityScript-firstpass.unityproj", "{98DC858C-860B-81CF-A3CC-D2292672A5CD}"
EndProject
Global
	GlobalSection(SolutionConfigurationPlatforms) = preSolution
		Debug|Any CPU = Debug|Any CPU
		Release|Any CPU = Release|Any CPU
	EndGlobalSection
	GlobalSection(ProjectConfigurationPlatforms) = postSolution
		{0A630E67-FC6C-43C8-2023-7D07A7683BFD}.Debug|Any CPU.ActiveCfg = Debug|Any CPU
		{0A630E67-FC6C-43C8-2023-7D07A7683BFD}.Debug|Any CPU.Build.0 = Debug|Any CPU
		{0A630E67-FC6C-43C8-2023-7D07A7683BFD}.Release|Any CPU.ActiveCfg = Release|Any CPU
		{0A630E67-FC6C-43C8-2023-7D07A7683BFD}.Release|Any CPU.Build.0 = Release|Any CPU
		{91F0E5CC-596C-6825-962A-1C78AC312B93}.Debug|Any CPU.ActiveCfg = Debug|Any CPU
		{91F0E5CC-596C-6825-962A-1C78AC312B93}.Debug|Any CPU.Build.0 = Debug|Any CPU
		{91F0E5CC-596C-6825-962A-1C78AC312B93}.Release|Any CPU.ActiveCfg = Release|Any CPU
		{91F0E5CC-596C-6825-962A-1C78AC312B93}.Release|Any CPU.Build.0 = Release|Any CPU
		{98DC858C-860B-81CF-A3CC-D2292672A5CD}.Debug|Any CPU.ActiveCfg = Debug|Any CPU
		{98DC858C-860B-81CF-A3CC-D2292672A5CD}.Debug|Any CPU.Build.0 = Debug|Any CPU
		{98DC858C-860B-81CF-A3CC-D2292672A5CD}.Release|Any CPU.ActiveCfg = Release|Any CPU
		{98DC858C-860B-81CF-A3CC-D2292672A5CD}.Release|Any CPU.Build.0 = Release|Any CPU
	EndGlobalSection
	GlobalSection(SolutionProperties) = preSolution
		HideSolutionNode = FALSE
	EndGlobalSection
								GlobalSection(MonoDevelopProperties) = preSolution
		StartupItem = Assembly-CSharp.csproj
		Policies = $0
		$0.TextStylePolicy = $1
		$1.inheritsSet = null
		$1.scope = text/x-csharp
		$0.CSharpFormattingPolicy = $2
		$2.inheritsSet = Mono
		$2.inheritsScope = text/x-csharp
		$2.scope = text/x-csharp
		$0.TextStylePolicy = $3
		$3.FileWidth = 120
		$3.TabWidth = 4
		$3.EolMarker = Unix
		$3.inheritsSet = Mono
		$3.inheritsScope = text/plain
		$3.scope = text/plain
	EndGlobalSection

EndGlobal
